
Microsoft Visual Studio Solution File, Format Version 12.00
# Visual Studio Version 17
VisualStudioVersion = 17.13.35913.81 d17.13
MinimumVisualStudioVersion = 10.0.40219.1
Project("{54A90642-561A-4BB1-A94E-469ADEE60C69}") = "scoutbase.client", "scoutbase.client\scoutbase.client.esproj", "{3A746100-2A0D-0C09-F955-B3F002DAF93F}"
EndProject
Project("{FAE04EC0-301F-11D3-BF4B-00C04F79EFBC}") = "ScoutBase.Server", "ScoutBase.Server\ScoutBase.Server.csproj", "{5A3519F4-340E-46C2-B5F8-186C6452FF9B}"
EndProject
Global
	GlobalSection(SolutionConfigurationPlatforms) = preSolution
		Debug|Any CPU = Debug|Any CPU
		Release|Any CPU = Release|Any CPU
	EndGlobalSection
	GlobalSection(ProjectConfigurationPlatforms) = postSolution
		{3A746100-2A0D-0C09-F955-B3F002DAF93F}.Debug|Any CPU.ActiveCfg = Debug|Any CPU
		{3A746100-2A0D-0C09-F955-B3F002DAF93F}.Debug|Any CPU.Build.0 = Debug|Any CPU
		{3A746100-2A0D-0C09-F955-B3F002DAF93F}.Debug|Any CPU.Deploy.0 = Debug|Any CPU
		{3A746100-2A0D-0C09-F955-B3F002DAF93F}.Release|Any CPU.ActiveCfg = Release|Any CPU
		{3A746100-2A0D-0C09-F955-B3F002DAF93F}.Release|Any CPU.Build.0 = Release|Any CPU
		{3A746100-2A0D-0C09-F955-B3F002DAF93F}.Release|Any CPU.Deploy.0 = Release|Any CPU
		{5A3519F4-340E-46C2-B5F8-186C6452FF9B}.Debug|Any CPU.ActiveCfg = Debug|Any CPU
		{5A3519F4-340E-46C2-B5F8-186C6452FF9B}.Debug|Any CPU.Build.0 = Debug|Any CPU
		{5A3519F4-340E-46C2-B5F8-186C6452FF9B}.Release|Any CPU.ActiveCfg = Release|Any CPU
		{5A3519F4-340E-46C2-B5F8-186C6452FF9B}.Release|Any CPU.Build.0 = Release|Any CPU
	EndGlobalSection
	GlobalSection(SolutionProperties) = preSolution
		HideSolutionNode = FALSE
	EndGlobalSection
	GlobalSection(ExtensibilityGlobals) = postSolution
		SolutionGuid = {5954D1C3-CB75-4F1D-9D7E-23DB53B172A7}
	EndGlobalSection
EndGlobal
